
Microsoft Visual Studio Solution File, Format Version 12.00
# Visual Studio Version 17
VisualStudioVersion = 17.7.34031.279
MinimumVisualStudioVersion = 10.0.40219.1
Project("{FAE04EC0-301F-11D3-BF4B-00C04F79EFBC}") = "Recive Request", "Recive Request\Recive Request.csproj", "{8050776A-9C82-4325-809C-FB590DD51ABF}"
	ProjectSection(ProjectDependencies) = postProject
		{FDEB5B86-264F-49D7-9B83-C96984228E18} = {FDEB5B86-264F-49D7-9B83-C96984228E18}
	EndProjectSection
EndProject
Project("{FAE04EC0-301F-11D3-BF4B-00C04F79EFBC}") = "RequestRemarkNet", "..\RequestRemarkNet\RequestRemarkNet\RequestRemarkNet.csproj", "{8BAA83C7-6219-475C-9AB4-258E6A6B17AD}"
EndProject
Project("{FAE04EC0-301F-11D3-BF4B-00C04F79EFBC}") = "Patholab_XmlService", "..\Patholab_XmlService\Patholab_XmlService.csproj", "{FDEB5B86-264F-49D7-9B83-C96984228E18}"
EndProject
Global
	GlobalSection(SolutionConfigurationPlatforms) = preSolution
		Debug|Any CPU = Debug|Any CPU
		Release|Any CPU = Release|Any CPU
	EndGlobalSection
	GlobalSection(ProjectConfigurationPlatforms) = postSolution
		{8050776A-9C82-4325-809C-FB590DD51ABF}.Debug|Any CPU.ActiveCfg = Debug|Any CPU
		{8050776A-9C82-4325-809C-FB590DD51ABF}.Debug|Any CPU.Build.0 = Debug|Any CPU
		{8050776A-9C82-4325-809C-FB590DD51ABF}.Release|Any CPU.ActiveCfg = Release|Any CPU
		{8050776A-9C82-4325-809C-FB590DD51ABF}.Release|Any CPU.Build.0 = Release|Any CPU
		{8BAA83C7-6219-475C-9AB4-258E6A6B17AD}.Debug|Any CPU.ActiveCfg = Debug|Any CPU
		{8BAA83C7-6219-475C-9AB4-258E6A6B17AD}.Debug|Any CPU.Build.0 = Debug|Any CPU
		{8BAA83C7-6219-475C-9AB4-258E6A6B17AD}.Release|Any CPU.ActiveCfg = Release|Any CPU
		{8BAA83C7-6219-475C-9AB4-258E6A6B17AD}.Release|Any CPU.Build.0 = Release|Any CPU
		{FDEB5B86-264F-49D7-9B83-C96984228E18}.Debug|Any CPU.ActiveCfg = Debug|Any CPU
		{FDEB5B86-264F-49D7-9B83-C96984228E18}.Debug|Any CPU.Build.0 = Debug|Any CPU
		{FDEB5B86-264F-49D7-9B83-C96984228E18}.Release|Any CPU.ActiveCfg = Release|Any CPU
		{FDEB5B86-264F-49D7-9B83-C96984228E18}.Release|Any CPU.Build.0 = Release|Any CPU
	EndGlobalSection
	GlobalSection(SolutionProperties) = preSolution
		HideSolutionNode = FALSE
	EndGlobalSection
	GlobalSection(ExtensibilityGlobals) = postSolution
		SolutionGuid = {BF4D8F21-F2EE-4667-AEE0-19776B314CFB}
	EndGlobalSection
EndGlobal
